
Microsoft Visual Studio Solution File, Format Version 12.00
# Visual Studio 2012
Project("{FAE04EC0-301F-11D3-BF4B-00C04F79EFBC}") = "LicenciasApp", "LicenciasApp\LicenciasApp.csproj", "{7F8D2D77-0892-40A5-B892-256443AF0AE1}"
EndProject
Project("{2150E333-8FDC-42A3-9474-1A3956D46DE8}") = "Presentacion", "Presentacion", "{D361FFF1-187F-45AE-8778-F53C17DE51FB}"
EndProject
Project("{2150E333-8FDC-42A3-9474-1A3956D46DE8}") = "Utilidades", "Utilidades", "{A0D69F25-37A5-48F0-8764-42D5CFE4A87B}"
EndProject
Project("{2150E333-8FDC-42A3-9474-1A3956D46DE8}") = "Entidades", "Entidades", "{B82B66C0-D75A-4325-8C3E-CD422290F7C8}"
EndProject
Project("{2150E333-8FDC-42A3-9474-1A3956D46DE8}") = "Servicios", "Servicios", "{48E63685-AD2C-4681-9ED2-5A4FDFF3BBE7}"
EndProject
Project("{2150E333-8FDC-42A3-9474-1A3956D46DE8}") = "LogicaNegocio", "LogicaNegocio", "{EC9A0DC6-63C3-4850-900C-41EAF1F81037}"
EndProject
Project("{FAE04EC0-301F-11D3-BF4B-00C04F79EFBC}") = "Email", "Correo\Email.csproj", "{3A9FB841-4C06-4745-BFF6-74391CBF9613}"
EndProject
Project("{FAE04EC0-301F-11D3-BF4B-00C04F79EFBC}") = "Logger", "Log\Logger.csproj", "{F59488F2-B0C1-4464-9E86-452C31A2CB6C}"
EndProject
Project("{FAE04EC0-301F-11D3-BF4B-00C04F79EFBC}") = "FileObserver", "FileObserver\FileObserver.csproj", "{C5D5DAC7-12C0-43D4-BE7D-368D32E87DDF}"
EndProject
Project("{FAE04EC0-301F-11D3-BF4B-00C04F79EFBC}") = "XMLImporter", "XML\XMLImporter.csproj", "{078359B0-D464-40F9-9E0F-EC9038C5E6AD}"
EndProject
Project("{FAE04EC0-301F-11D3-BF4B-00C04F79EFBC}") = "LicenciasService", "LicenciasService\LicenciasService.csproj", "{81167B9D-84DB-484E-85B4-3B86780508F6}"
EndProject
Project("{FAE04EC0-301F-11D3-BF4B-00C04F79EFBC}") = "WebFormEmpleado", "WebFormEmpleado\WebFormEmpleado.csproj", "{027680B9-0F06-43EB-9E17-367076957347}"
EndProject
Project("{FAE04EC0-301F-11D3-BF4B-00C04F79EFBC}") = "WebFormAdmin", "WebFormAdmin\WebFormAdmin.csproj", "{CC65F4BB-5CAA-4BA5-A980-1F1D92AB7C55}"
EndProject
Project("{FAE04EC0-301F-11D3-BF4B-00C04F79EFBC}") = "LicenciasInterfaceLogic", "LicenciasInterfaceLogic\LicenciasInterfaceLogic.csproj", "{9E6F8B27-4533-4591-A81B-981D75E9665B}"
EndProject
Project("{FAE04EC0-301F-11D3-BF4B-00C04F79EFBC}") = "LicenciasLogic", "LicenciasLogic\LicenciasLogic.csproj", "{5EE3E26E-3E8F-4C91-A56B-3EF7D1AABA72}"
EndProject
Project("{FAE04EC0-301F-11D3-BF4B-00C04F79EFBC}") = "LicenciasDominio", "Licencias_Dominio\LicenciasDominio.csproj", "{79AD382D-06EE-45F6-A19F-C967D8898E42}"
EndProject
Global
	GlobalSection(SolutionConfigurationPlatforms) = preSolution
		Debug|Any CPU = Debug|Any CPU
		Release|Any CPU = Release|Any CPU
	EndGlobalSection
	GlobalSection(ProjectConfigurationPlatforms) = postSolution
		{7F8D2D77-0892-40A5-B892-256443AF0AE1}.Debug|Any CPU.ActiveCfg = Debug|Any CPU
		{7F8D2D77-0892-40A5-B892-256443AF0AE1}.Debug|Any CPU.Build.0 = Debug|Any CPU
		{7F8D2D77-0892-40A5-B892-256443AF0AE1}.Release|Any CPU.ActiveCfg = Release|Any CPU
		{7F8D2D77-0892-40A5-B892-256443AF0AE1}.Release|Any CPU.Build.0 = Release|Any CPU
		{3A9FB841-4C06-4745-BFF6-74391CBF9613}.Debug|Any CPU.ActiveCfg = Debug|Any CPU
		{3A9FB841-4C06-4745-BFF6-74391CBF9613}.Debug|Any CPU.Build.0 = Debug|Any CPU
		{3A9FB841-4C06-4745-BFF6-74391CBF9613}.Release|Any CPU.ActiveCfg = Release|Any CPU
		{3A9FB841-4C06-4745-BFF6-74391CBF9613}.Release|Any CPU.Build.0 = Release|Any CPU
		{F59488F2-B0C1-4464-9E86-452C31A2CB6C}.Debug|Any CPU.ActiveCfg = Debug|Any CPU
		{F59488F2-B0C1-4464-9E86-452C31A2CB6C}.Debug|Any CPU.Build.0 = Debug|Any CPU
		{F59488F2-B0C1-4464-9E86-452C31A2CB6C}.Release|Any CPU.ActiveCfg = Release|Any CPU
		{F59488F2-B0C1-4464-9E86-452C31A2CB6C}.Release|Any CPU.Build.0 = Release|Any CPU
		{C5D5DAC7-12C0-43D4-BE7D-368D32E87DDF}.Debug|Any CPU.ActiveCfg = Debug|Any CPU
		{C5D5DAC7-12C0-43D4-BE7D-368D32E87DDF}.Debug|Any CPU.Build.0 = Debug|Any CPU
		{C5D5DAC7-12C0-43D4-BE7D-368D32E87DDF}.Release|Any CPU.ActiveCfg = Release|Any CPU
		{C5D5DAC7-12C0-43D4-BE7D-368D32E87DDF}.Release|Any CPU.Build.0 = Release|Any CPU
		{078359B0-D464-40F9-9E0F-EC9038C5E6AD}.Debug|Any CPU.ActiveCfg = Debug|Any CPU
		{078359B0-D464-40F9-9E0F-EC9038C5E6AD}.Debug|Any CPU.Build.0 = Debug|Any CPU
		{078359B0-D464-40F9-9E0F-EC9038C5E6AD}.Release|Any CPU.ActiveCfg = Release|Any CPU
		{078359B0-D464-40F9-9E0F-EC9038C5E6AD}.Release|Any CPU.Build.0 = Release|Any CPU
		{81167B9D-84DB-484E-85B4-3B86780508F6}.Debug|Any CPU.ActiveCfg = Debug|Any CPU
		{81167B9D-84DB-484E-85B4-3B86780508F6}.Debug|Any CPU.Build.0 = Debug|Any CPU
		{81167B9D-84DB-484E-85B4-3B86780508F6}.Release|Any CPU.ActiveCfg = Release|Any CPU
		{81167B9D-84DB-484E-85B4-3B86780508F6}.Release|Any CPU.Build.0 = Release|Any CPU
		{027680B9-0F06-43EB-9E17-367076957347}.Debug|Any CPU.ActiveCfg = Debug|Any CPU
		{027680B9-0F06-43EB-9E17-367076957347}.Debug|Any CPU.Build.0 = Debug|Any CPU
		{027680B9-0F06-43EB-9E17-367076957347}.Release|Any CPU.ActiveCfg = Release|Any CPU
		{027680B9-0F06-43EB-9E17-367076957347}.Release|Any CPU.Build.0 = Release|Any CPU
		{CC65F4BB-5CAA-4BA5-A980-1F1D92AB7C55}.Debug|Any CPU.ActiveCfg = Debug|Any CPU
		{CC65F4BB-5CAA-4BA5-A980-1F1D92AB7C55}.Debug|Any CPU.Build.0 = Debug|Any CPU
		{CC65F4BB-5CAA-4BA5-A980-1F1D92AB7C55}.Release|Any CPU.ActiveCfg = Release|Any CPU
		{CC65F4BB-5CAA-4BA5-A980-1F1D92AB7C55}.Release|Any CPU.Build.0 = Release|Any CPU
		{9E6F8B27-4533-4591-A81B-981D75E9665B}.Debug|Any CPU.ActiveCfg = Debug|Any CPU
		{9E6F8B27-4533-4591-A81B-981D75E9665B}.Debug|Any CPU.Build.0 = Debug|Any CPU
		{9E6F8B27-4533-4591-A81B-981D75E9665B}.Release|Any CPU.ActiveCfg = Release|Any CPU
		{9E6F8B27-4533-4591-A81B-981D75E9665B}.Release|Any CPU.Build.0 = Release|Any CPU
		{5EE3E26E-3E8F-4C91-A56B-3EF7D1AABA72}.Debug|Any CPU.ActiveCfg = Debug|Any CPU
		{5EE3E26E-3E8F-4C91-A56B-3EF7D1AABA72}.Debug|Any CPU.Build.0 = Debug|Any CPU
		{5EE3E26E-3E8F-4C91-A56B-3EF7D1AABA72}.Release|Any CPU.ActiveCfg = Release|Any CPU
		{5EE3E26E-3E8F-4C91-A56B-3EF7D1AABA72}.Release|Any CPU.Build.0 = Release|Any CPU
		{79AD382D-06EE-45F6-A19F-C967D8898E42}.Debug|Any CPU.ActiveCfg = Debug|Any CPU
		{79AD382D-06EE-45F6-A19F-C967D8898E42}.Debug|Any CPU.Build.0 = Debug|Any CPU
		{79AD382D-06EE-45F6-A19F-C967D8898E42}.Release|Any CPU.ActiveCfg = Release|Any CPU
		{79AD382D-06EE-45F6-A19F-C967D8898E42}.Release|Any CPU.Build.0 = Release|Any CPU
	EndGlobalSection
	GlobalSection(SolutionProperties) = preSolution
		HideSolutionNode = FALSE
	EndGlobalSection
	GlobalSection(NestedProjects) = preSolution
		{7F8D2D77-0892-40A5-B892-256443AF0AE1} = {D361FFF1-187F-45AE-8778-F53C17DE51FB}
		{027680B9-0F06-43EB-9E17-367076957347} = {D361FFF1-187F-45AE-8778-F53C17DE51FB}
		{CC65F4BB-5CAA-4BA5-A980-1F1D92AB7C55} = {D361FFF1-187F-45AE-8778-F53C17DE51FB}
		{3A9FB841-4C06-4745-BFF6-74391CBF9613} = {A0D69F25-37A5-48F0-8764-42D5CFE4A87B}
		{F59488F2-B0C1-4464-9E86-452C31A2CB6C} = {A0D69F25-37A5-48F0-8764-42D5CFE4A87B}
		{C5D5DAC7-12C0-43D4-BE7D-368D32E87DDF} = {A0D69F25-37A5-48F0-8764-42D5CFE4A87B}
		{078359B0-D464-40F9-9E0F-EC9038C5E6AD} = {A0D69F25-37A5-48F0-8764-42D5CFE4A87B}
		{79AD382D-06EE-45F6-A19F-C967D8898E42} = {B82B66C0-D75A-4325-8C3E-CD422290F7C8}
		{81167B9D-84DB-484E-85B4-3B86780508F6} = {48E63685-AD2C-4681-9ED2-5A4FDFF3BBE7}
		{9E6F8B27-4533-4591-A81B-981D75E9665B} = {EC9A0DC6-63C3-4850-900C-41EAF1F81037}
		{5EE3E26E-3E8F-4C91-A56B-3EF7D1AABA72} = {EC9A0DC6-63C3-4850-900C-41EAF1F81037}
	EndGlobalSection
EndGlobal
